// !$*UTF8*$!
{
	archiveVersion = 1;
	classes = {
	};
	objectVersion = 46;
	objects = {

/* Begin PBXBuildFile section */
		18029AB11AE489680070867C /* main.m in Sources */ = {isa = PBXBuildFile; fileRef = 18029AB01AE489680070867C /* main.m */; };
		18029ABC1AE489680070867C /* Images.xcassets in Resources */ = {isa = PBXBuildFile; fileRef = 18029ABB1AE489680070867C /* Images.xcassets */; };
		18029ACB1AE489680070867C /* ____Tests.m in Sources */ = {isa = PBXBuildFile; fileRef = 18029ACA1AE489680070867C /* ____Tests.m */; };
		18029ADC1AE48B070070867C /* AppDelegate.m in Sources */ = {isa = PBXBuildFile; fileRef = 18029ADA1AE48B070070867C /* AppDelegate.m */; };
		18029ADF1AE48B850070867C /* News.storyboard in Resources */ = {isa = PBXBuildFile; fileRef = 18029ADE1AE48B850070867C /* News.storyboard */; };
		18029AE21AE48C9C0070867C /* Home.storyboard in Resources */ = {isa = PBXBuildFile; fileRef = 18029AE11AE48C9C0070867C /* Home.storyboard */; };
		18029AE51AE48CC60070867C /* HomeViewController.m in Sources */ = {isa = PBXBuildFile; fileRef = 18029AE41AE48CC60070867C /* HomeViewController.m */; };
		18029AE81AE48CFB0070867C /* NewsTableViewController.m in Sources */ = {isa = PBXBuildFile; fileRef = 18029AE71AE48CFB0070867C /* NewsTableViewController.m */; };
		18029AEB1AE48D330070867C /* CycleCollectionViewController.m in Sources */ = {isa = PBXBuildFile; fileRef = 18029AEA1AE48D330070867C /* CycleCollectionViewController.m */; };
		18029AEE1AE48D540070867C /* CycleCell.m in Sources */ = {isa = PBXBuildFile; fileRef = 18029AED1AE48D540070867C /* CycleCell.m */; };
		18029AF11AE48DA40070867C /* Headline.m in Sources */ = {isa = PBXBuildFile; fileRef = 18029AF01AE48DA40070867C /* Headline.m */; };
		18029AF31AE48DCC0070867C /* topic_news.json in Resources */ = {isa = PBXBuildFile; fileRef = 18029AF21AE48DCC0070867C /* topic_news.json */; };
		18029B181AE498710070867C /* NetworkTools.m in Sources */ = {isa = PBXBuildFile; fileRef = 18029B171AE498710070867C /* NetworkTools.m */; };
		18029B431AE4A5880070867C /* AFHTTPRequestOperation.m in Sources */ = {isa = PBXBuildFile; fileRef = 18029B1D1AE4A5880070867C /* AFHTTPRequestOperation.m */; };
		18029B441AE4A5880070867C /* AFHTTPRequestOperationManager.m in Sources */ = {isa = PBXBuildFile; fileRef = 18029B1F1AE4A5880070867C /* AFHTTPRequestOperationManager.m */; };
		18029B451AE4A5880070867C /* AFHTTPSessionManager.m in Sources */ = {isa = PBXBuildFile; fileRef = 18029B211AE4A5880070867C /* AFHTTPSessionManager.m */; };
		18029B461AE4A5880070867C /* AFNetworkReachabilityManager.m in Sources */ = {isa = PBXBuildFile; fileRef = 18029B241AE4A5880070867C /* AFNetworkReachabilityManager.m */; };
		18029B471AE4A5880070867C /* AFSecurityPolicy.m in Sources */ = {isa = PBXBuildFile; fileRef = 18029B261AE4A5880070867C /* AFSecurityPolicy.m */; };
		18029B481AE4A5880070867C /* AFURLConnectionOperation.m in Sources */ = {isa = PBXBuildFile; fileRef = 18029B281AE4A5880070867C /* AFURLConnectionOperation.m */; };
		18029B491AE4A5880070867C /* AFURLRequestSerialization.m in Sources */ = {isa = PBXBuildFile; fileRef = 18029B2A1AE4A5880070867C /* AFURLRequestSerialization.m */; };
		18029B4A1AE4A5880070867C /* AFURLResponseSerialization.m in Sources */ = {isa = PBXBuildFile; fileRef = 18029B2C1AE4A5880070867C /* AFURLResponseSerialization.m */; };
		18029B4B1AE4A5880070867C /* AFURLSessionManager.m in Sources */ = {isa = PBXBuildFile; fileRef = 18029B2E1AE4A5880070867C /* AFURLSessionManager.m */; };
		18029B4C1AE4A5880070867C /* LICENSE in Resources */ = {isa = PBXBuildFile; fileRef = 18029B2F1AE4A5880070867C /* LICENSE */; };
		18029B4D1AE4A5880070867C /* README.md in Sources */ = {isa = PBXBuildFile; fileRef = 18029B301AE4A5880070867C /* README.md */; };
		18029B4E1AE4A5880070867C /* AFNetworkActivityIndicatorManager.m in Sources */ = {isa = PBXBuildFile; fileRef = 18029B331AE4A5880070867C /* AFNetworkActivityIndicatorManager.m */; };
		18029B4F1AE4A5880070867C /* UIActivityIndicatorView+AFNetworking.m in Sources */ = {isa = PBXBuildFile; fileRef = 18029B351AE4A5880070867C /* UIActivityIndicatorView+AFNetworking.m */; };
		18029B501AE4A5880070867C /* UIAlertView+AFNetworking.m in Sources */ = {isa = PBXBuildFile; fileRef = 18029B371AE4A5880070867C /* UIAlertView+AFNetworking.m */; };
		18029B511AE4A5880070867C /* UIButton+AFNetworking.m in Sources */ = {isa = PBXBuildFile; fileRef = 18029B391AE4A5880070867C /* UIButton+AFNetworking.m */; };
		18029B521AE4A5880070867C /* UIImageView+AFNetworking.m in Sources */ = {isa = PBXBuildFile; fileRef = 18029B3B1AE4A5880070867C /* UIImageView+AFNetworking.m */; };
		18029B531AE4A5880070867C /* UIProgressView+AFNetworking.m in Sources */ = {isa = PBXBuildFile; fileRef = 18029B3E1AE4A5880070867C /* UIProgressView+AFNetworking.m */; };
		18029B541AE4A5880070867C /* UIRefreshControl+AFNetworking.m in Sources */ = {isa = PBXBuildFile; fileRef = 18029B401AE4A5880070867C /* UIRefreshControl+AFNetworking.m */; };
		18029B551AE4A5880070867C /* UIWebView+AFNetworking.m in Sources */ = {isa = PBXBuildFile; fileRef = 18029B421AE4A5880070867C /* UIWebView+AFNetworking.m */; };
		18E6263E1AE73E7100C1FD52 /* ChannelCell.m in Sources */ = {isa = PBXBuildFile; fileRef = 18E6263D1AE73E7100C1FD52 /* ChannelCell.m */; };
		1F260A6D1AE4BE56006A052B /* NewsCell.m in Sources */ = {isa = PBXBuildFile; fileRef = 1F260A6C1AE4BE56006A052B /* NewsCell.m */; };
		1F260A701AE4BE6A006A052B /* News.m in Sources */ = {isa = PBXBuildFile; fileRef = 1F260A6F1AE4BE6A006A052B /* News.m */; };
		1F8017171AE55BDA005D07C3 /* Channel.m in Sources */ = {isa = PBXBuildFile; fileRef = 1F8017161AE55BDA005D07C3 /* Channel.m */; };
		1F80171A1AE55C19005D07C3 /* ChannelLabel.m in Sources */ = {isa = PBXBuildFile; fileRef = 1F8017191AE55C19005D07C3 /* ChannelLabel.m */; };
/* End PBXBuildFile section */

/* Begin PBXContainerItemProxy section */
		18029AC51AE489680070867C /* PBXContainerItemProxy */ = {
			isa = PBXContainerItemProxy;
			containerPortal = 18029AA31AE489680070867C /* Project object */;
			proxyType = 1;
			remoteGlobalIDString = 18029AAA1AE489680070867C;
			remoteInfo = "网易新闻";
		};
/* End PBXContainerItemProxy section */

/* Begin PBXFileReference section */
		18029AAB1AE489680070867C /* 网易新闻.app */ = {isa = PBXFileReference; explicitFileType = wrapper.application; includeInIndex = 0; path = "网易新闻.app"; sourceTree = BUILT_PRODUCTS_DIR; };
		18029AAF1AE489680070867C /* Info.plist */ = {isa = PBXFileReference; lastKnownFileType = text.plist.xml; path = Info.plist; sourceTree = "<group>"; };
		18029AB01AE489680070867C /* main.m */ = {isa = PBXFileReference; lastKnownFileType = sourcecode.c.objc; path = main.m; sourceTree = "<group>"; };
		18029ABB1AE489680070867C /* Images.xcassets */ = {isa = PBXFileReference; lastKnownFileType = folder.assetcatalog; path = Images.xcassets; sourceTree = "<group>"; };
		18029AC41AE489680070867C /* 网易新闻Tests.xctest */ = {isa = PBXFileReference; explicitFileType = wrapper.cfbundle; includeInIndex = 0; path = "网易新闻Tests.xctest"; sourceTree = BUILT_PRODUCTS_DIR; };
		18029AC91AE489680070867C /* Info.plist */ = {isa = PBXFileReference; lastKnownFileType = text.plist.xml; path = Info.plist; sourceTree = "<group>"; };
		18029ACA1AE489680070867C /* ____Tests.m */ = {isa = PBXFileReference; lastKnownFileType = sourcecode.c.objc; path = "____Tests.m"; sourceTree = "<group>"; };
		18029AD91AE48B070070867C /* AppDelegate.h */ = {isa = PBXFileReference; fileEncoding = 4; lastKnownFileType = sourcecode.c.h; path = AppDelegate.h; sourceTree = "<group>"; };
		18029ADA1AE48B070070867C /* AppDelegate.m */ = {isa = PBXFileReference; fileEncoding = 4; lastKnownFileType = sourcecode.c.objc; path = AppDelegate.m; sourceTree = "<group>"; };
		18029ADE1AE48B850070867C /* News.storyboard */ = {isa = PBXFileReference; fileEncoding = 4; lastKnownFileType = file.storyboard; path = News.storyboard; sourceTree = "<group>"; };
		18029AE11AE48C9C0070867C /* Home.storyboard */ = {isa = PBXFileReference; fileEncoding = 4; lastKnownFileType = file.storyboard; path = Home.storyboard; sourceTree = "<group>"; };
		18029AE31AE48CC60070867C /* HomeViewController.h */ = {isa = PBXFileReference; fileEncoding = 4; lastKnownFileType = sourcecode.c.h; path = HomeViewController.h; sourceTree = "<group>"; };
		18029AE41AE48CC60070867C /* HomeViewController.m */ = {isa = PBXFileReference; fileEncoding = 4; lastKnownFileType = sourcecode.c.objc; path = HomeViewController.m; sourceTree = "<group>"; };
		18029AE61AE48CFB0070867C /* NewsTableViewController.h */ = {isa = PBXFileReference; fileEncoding = 4; lastKnownFileType = sourcecode.c.h; path = NewsTableViewController.h; sourceTree = "<group>"; };
		18029AE71AE48CFB0070867C /* NewsTableViewController.m */ = {isa = PBXFileReference; fileEncoding = 4; lastKnownFileType = sourcecode.c.objc; path = NewsTableViewController.m; sourceTree = "<group>"; };
		18029AE91AE48D330070867C /* CycleCollectionViewController.h */ = {isa = PBXFileReference; fileEncoding = 4; lastKnownFileType = sourcecode.c.h; path = CycleCollectionViewController.h; sourceTree = "<group>"; };
		18029AEA1AE48D330070867C /* CycleCollectionViewController.m */ = {isa = PBXFileReference; fileEncoding = 4; lastKnownFileType = sourcecode.c.objc; path = CycleCollectionViewController.m; sourceTree = "<group>"; };
		18029AEC1AE48D540070867C /* CycleCell.h */ = {isa = PBXFileReference; fileEncoding = 4; lastKnownFileType = sourcecode.c.h; path = CycleCell.h; sourceTree = "<group>"; };
		18029AED1AE48D540070867C /* CycleCell.m */ = {isa = PBXFileReference; fileEncoding = 4; lastKnownFileType = sourcecode.c.objc; path = CycleCell.m; sourceTree = "<group>"; };
		18029AEF1AE48DA40070867C /* Headline.h */ = {isa = PBXFileReference; fileEncoding = 4; lastKnownFileType = sourcecode.c.h; path = Headline.h; sourceTree = "<group>"; };
		18029AF01AE48DA40070867C /* Headline.m */ = {isa = PBXFileReference; fileEncoding = 4; lastKnownFileType = sourcecode.c.objc; path = Headline.m; sourceTree = "<group>"; };
		18029AF21AE48DCC0070867C /* topic_news.json */ = {isa = PBXFileReference; fileEncoding = 4; lastKnownFileType = text.json; path = topic_news.json; sourceTree = "<group>"; };
		18029B161AE498710070867C /* NetworkTools.h */ = {isa = PBXFileReference; fileEncoding = 4; lastKnownFileType = sourcecode.c.h; path = NetworkTools.h; sourceTree = "<group>"; };
		18029B171AE498710070867C /* NetworkTools.m */ = {isa = PBXFileReference; fileEncoding = 4; lastKnownFileType = sourcecode.c.objc; path = NetworkTools.m; sourceTree = "<group>"; };
		18029B1C1AE4A5880070867C /* AFHTTPRequestOperation.h */ = {isa = PBXFileReference; fileEncoding = 4; lastKnownFileType = sourcecode.c.h; path = AFHTTPRequestOperation.h; sourceTree = "<group>"; };
		18029B1D1AE4A5880070867C /* AFHTTPRequestOperation.m */ = {isa = PBXFileReference; fileEncoding = 4; lastKnownFileType = sourcecode.c.objc; path = AFHTTPRequestOperation.m; sourceTree = "<group>"; };
		18029B1E1AE4A5880070867C /* AFHTTPRequestOperationManager.h */ = {isa = PBXFileReference; fileEncoding = 4; lastKnownFileType = sourcecode.c.h; path = AFHTTPRequestOperationManager.h; sourceTree = "<group>"; };
		18029B1F1AE4A5880070867C /* AFHTTPRequestOperationManager.m */ = {isa = PBXFileReference; fileEncoding = 4; lastKnownFileType = sourcecode.c.objc; path = AFHTTPRequestOperationManager.m; sourceTree = "<group>"; };
		18029B201AE4A5880070867C /* AFHTTPSessionManager.h */ = {isa = PBXFileReference; fileEncoding = 4; lastKnownFileType = sourcecode.c.h; path = AFHTTPSessionManager.h; sourceTree = "<group>"; };
		18029B211AE4A5880070867C /* AFHTTPSessionManager.m */ = {isa = PBXFileReference; fileEncoding = 4; lastKnownFileType = sourcecode.c.objc; path = AFHTTPSessionManager.m; sourceTree = "<group>"; };
		18029B221AE4A5880070867C /* AFNetworking.h */ = {isa = PBXFileReference; fileEncoding = 4; lastKnownFileType = sourcecode.c.h; path = AFNetworking.h; sourceTree = "<group>"; };
		18029B231AE4A5880070867C /* AFNetworkReachabilityManager.h */ = {isa = PBXFileReference; fileEncoding = 4; lastKnownFileType = sourcecode.c.h; path = AFNetworkReachabilityManager.h; sourceTree = "<group>"; };
		18029B241AE4A5880070867C /* AFNetworkReachabilityManager.m */ = {isa = PBXFileReference; fileEncoding = 4; lastKnownFileType = sourcecode.c.objc; path = AFNetworkReachabilityManager.m; sourceTree = "<group>"; };
		18029B251AE4A5880070867C /* AFSecurityPolicy.h */ = {isa = PBXFileReference; fileEncoding = 4; lastKnownFileType = sourcecode.c.h; path = AFSecurityPolicy.h; sourceTree = "<group>"; };
		18029B261AE4A5880070867C /* AFSecurityPolicy.m */ = {isa = PBXFileReference; fileEncoding = 4; lastKnownFileType = sourcecode.c.objc; path = AFSecurityPolicy.m; sourceTree = "<group>"; };
		18029B271AE4A5880070867C /* AFURLConnectionOperation.h */ = {isa = PBXFileReference; fileEncoding = 4; lastKnownFileType = sourcecode.c.h; path = AFURLConnectionOperation.h; sourceTree = "<group>"; };
		18029B281AE4A5880070867C /* AFURLConnectionOperation.m */ = {isa = PBXFileReference; fileEncoding = 4; lastKnownFileType = sourcecode.c.objc; path = AFURLConnectionOperation.m; sourceTree = "<group>"; };
		18029B291AE4A5880070867C /* AFURLRequestSerialization.h */ = {isa = PBXFileReference; fileEncoding = 4; lastKnownFileType = sourcecode.c.h; path = AFURLRequestSerialization.h; sourceTree = "<group>"; };
		18029B2A1AE4A5880070867C /* AFURLRequestSerialization.m */ = {isa = PBXFileReference; fileEncoding = 4; lastKnownFileType = sourcecode.c.objc; path = AFURLRequestSerialization.m; sourceTree = "<group>"; };
		18029B2B1AE4A5880070867C /* AFURLResponseSerialization.h */ = {isa = PBXFileReference; fileEncoding = 4; lastKnownFileType = sourcecode.c.h; path = AFURLResponseSerialization.h; sourceTree = "<group>"; };
		18029B2C1AE4A5880070867C /* AFURLResponseSerialization.m */ = {isa = PBXFileReference; fileEncoding = 4; lastKnownFileType = sourcecode.c.objc; path = AFURLResponseSerialization.m; sourceTree = "<group>"; };
		18029B2D1AE4A5880070867C /* AFURLSessionManager.h */ = {isa = PBXFileReference; fileEncoding = 4; lastKnownFileType = sourcecode.c.h; path = AFURLSessionManager.h; sourceTree = "<group>"; };
		18029B2E1AE4A5880070867C /* AFURLSessionManager.m */ = {isa = PBXFileReference; fileEncoding = 4; lastKnownFileType = sourcecode.c.objc; path = AFURLSessionManager.m; sourceTree = "<group>"; };
		18029B2F1AE4A5880070867C /* LICENSE */ = {isa = PBXFileReference; fileEncoding = 4; lastKnownFileType = text; path = LICENSE; sourceTree = "<group>"; };
		18029B301AE4A5880070867C /* README.md */ = {isa = PBXFileReference; fileEncoding = 4; lastKnownFileType = net.daringfireball.markdown; path = README.md; sourceTree = "<group>"; };
		18029B321AE4A5880070867C /* AFNetworkActivityIndicatorManager.h */ = {isa = PBXFileReference; fileEncoding = 4; lastKnownFileType = sourcecode.c.h; path = AFNetworkActivityIndicatorManager.h; sourceTree = "<group>"; };
		18029B331AE4A5880070867C /* AFNetworkActivityIndicatorManager.m */ = {isa = PBXFileReference; fileEncoding = 4; lastKnownFileType = sourcecode.c.objc; path = AFNetworkActivityIndicatorManager.m; sourceTree = "<group>"; };
		18029B341AE4A5880070867C /* UIActivityIndicatorView+AFNetworking.h */ = {isa = PBXFileReference; fileEncoding = 4; lastKnownFileType = sourcecode.c.h; path = "UIActivityIndicatorView+AFNetworking.h"; sourceTree = "<group>"; };
		18029B351AE4A5880070867C /* UIActivityIndicatorView+AFNetworking.m */ = {isa = PBXFileReference; fileEncoding = 4; lastKnownFileType = sourcecode.c.objc; path = "UIActivityIndicatorView+AFNetworking.m"; sourceTree = "<group>"; };
		18029B361AE4A5880070867C /* UIAlertView+AFNetworking.h */ = {isa = PBXFileReference; fileEncoding = 4; lastKnownFileType = sourcecode.c.h; path = "UIAlertView+AFNetworking.h"; sourceTree = "<group>"; };
		18029B371AE4A5880070867C /* UIAlertView+AFNetworking.m */ = {isa = PBXFileReference; fileEncoding = 4; lastKnownFileType = sourcecode.c.objc; path = "UIAlertView+AFNetworking.m"; sourceTree = "<group>"; };
		18029B381AE4A5880070867C /* UIButton+AFNetworking.h */ = {isa = PBXFileReference; fileEncoding = 4; lastKnownFileType = sourcecode.c.h; path = "UIButton+AFNetworking.h"; sourceTree = "<group>"; };
		18029B391AE4A5880070867C /* UIButton+AFNetworking.m */ = {isa = PBXFileReference; fileEncoding = 4; lastKnownFileType = sourcecode.c.objc; path = "UIButton+AFNetworking.m"; sourceTree = "<group>"; };
		18029B3A1AE4A5880070867C /* UIImageView+AFNetworking.h */ = {isa = PBXFileReference; fileEncoding = 4; lastKnownFileType = sourcecode.c.h; path = "UIImageView+AFNetworking.h"; sourceTree = "<group>"; };
		18029B3B1AE4A5880070867C /* UIImageView+AFNetworking.m */ = {isa = PBXFileReference; fileEncoding = 4; lastKnownFileType = sourcecode.c.objc; path = "UIImageView+AFNetworking.m"; sourceTree = "<group>"; };
		18029B3C1AE4A5880070867C /* UIKit+AFNetworking.h */ = {isa = PBXFileReference; fileEncoding = 4; lastKnownFileType = sourcecode.c.h; path = "UIKit+AFNetworking.h"; sourceTree = "<group>"; };
		18029B3D1AE4A5880070867C /* UIProgressView+AFNetworking.h */ = {isa = PBXFileReference; fileEncoding = 4; lastKnownFileType = sourcecode.c.h; path = "UIProgressView+AFNetworking.h"; sourceTree = "<group>"; };
		18029B3E1AE4A5880070867C /* UIProgressView+AFNetworking.m */ = {isa = PBXFileReference; fileEncoding = 4; lastKnownFileType = sourcecode.c.objc; path = "UIProgressView+AFNetworking.m"; sourceTree = "<group>"; };
		18029B3F1AE4A5880070867C /* UIRefreshControl+AFNetworking.h */ = {isa = PBXFileReference; fileEncoding = 4; lastKnownFileType = sourcecode.c.h; path = "UIRefreshControl+AFNetworking.h"; sourceTree = "<group>"; };
		18029B401AE4A5880070867C /* UIRefreshControl+AFNetworking.m */ = {isa = PBXFileReference; fileEncoding = 4; lastKnownFileType = sourcecode.c.objc; path = "UIRefreshControl+AFNetworking.m"; sourceTree = "<group>"; };
		18029B411AE4A5880070867C /* UIWebView+AFNetworking.h */ = {isa = PBXFileReference; fileEncoding = 4; lastKnownFileType = sourcecode.c.h; path = "UIWebView+AFNetworking.h"; sourceTree = "<group>"; };
		18029B421AE4A5880070867C /* UIWebView+AFNetworking.m */ = {isa = PBXFileReference; fileEncoding = 4; lastKnownFileType = sourcecode.c.objc; path = "UIWebView+AFNetworking.m"; sourceTree = "<group>"; };
		18E6263C1AE73E7100C1FD52 /* ChannelCell.h */ = {isa = PBXFileReference; fileEncoding = 4; lastKnownFileType = sourcecode.c.h; path = ChannelCell.h; sourceTree = "<group>"; };
		18E6263D1AE73E7100C1FD52 /* ChannelCell.m */ = {isa = PBXFileReference; fileEncoding = 4; lastKnownFileType = sourcecode.c.objc; path = ChannelCell.m; sourceTree = "<group>"; };
		1F260A6B1AE4BE56006A052B /* NewsCell.h */ = {isa = PBXFileReference; fileEncoding = 4; lastKnownFileType = sourcecode.c.h; path = NewsCell.h; sourceTree = "<group>"; };
		1F260A6C1AE4BE56006A052B /* NewsCell.m */ = {isa = PBXFileReference; fileEncoding = 4; lastKnownFileType = sourcecode.c.objc; path = NewsCell.m; sourceTree = "<group>"; };
		1F260A6E1AE4BE6A006A052B /* News.h */ = {isa = PBXFileReference; fileEncoding = 4; lastKnownFileType = sourcecode.c.h; path = News.h; sourceTree = "<group>"; };
		1F260A6F1AE4BE6A006A052B /* News.m */ = {isa = PBXFileReference; fileEncoding = 4; lastKnownFileType = sourcecode.c.objc; path = News.m; sourceTree = "<group>"; };
		1F8017151AE55BDA005D07C3 /* Channel.h */ = {isa = PBXFileReference; fileEncoding = 4; lastKnownFileType = sourcecode.c.h; path = Channel.h; sourceTree = "<group>"; };
		1F8017161AE55BDA005D07C3 /* Channel.m */ = {isa = PBXFileReference; fileEncoding = 4; lastKnownFileType = sourcecode.c.objc; path = Channel.m; sourceTree = "<group>"; };
		1F8017181AE55C19005D07C3 /* ChannelLabel.h */ = {isa = PBXFileReference; fileEncoding = 4; lastKnownFileType = sourcecode.c.h; path = ChannelLabel.h; sourceTree = "<group>"; };
		1F8017191AE55C19005D07C3 /* ChannelLabel.m */ = {isa = PBXFileReference; fileEncoding = 4; lastKnownFileType = sourcecode.c.objc; path = ChannelLabel.m; sourceTree = "<group>"; };
/* End PBXFileReference section */

/* Begin PBXFrameworksBuildPhase section */
		18029AA81AE489680070867C /* Frameworks */ = {
			isa = PBXFrameworksBuildPhase;
			buildActionMask = 2147483647;
			files = (
			);
			runOnlyForDeploymentPostprocessing = 0;
		};
		18029AC11AE489680070867C /* Frameworks */ = {
			isa = PBXFrameworksBuildPhase;
			buildActionMask = 2147483647;
			files = (
			);
			runOnlyForDeploymentPostprocessing = 0;
		};
/* End PBXFrameworksBuildPhase section */

/* Begin PBXGroup section */
		18029AA21AE489680070867C = {
			isa = PBXGroup;
			children = (
				18029AAD1AE489680070867C /* 网易新闻 */,
				18029AC71AE489680070867C /* 网易新闻Tests */,
				18029AAC1AE489680070867C /* Products */,
			);
			sourceTree = "<group>";
		};
		18029AAC1AE489680070867C /* Products */ = {
			isa = PBXGroup;
			children = (
				18029AAB1AE489680070867C /* 网易新闻.app */,
				18029AC41AE489680070867C /* 网易新闻Tests.xctest */,
			);
			name = Products;
			sourceTree = "<group>";
		};
		18029AAD1AE489680070867C /* 网易新闻 */ = {
			isa = PBXGroup;
			children = (
				18029AE01AE48C740070867C /* Home */,
				1F8017141AE55BC0005D07C3 /* Channel */,
				18029AD41AE489F60070867C /* News */,
				18029AD61AE48A5B0070867C /* Cycle */,
				18029B151AE4982E0070867C /* Tools */,
				18029AD81AE48B070070867C /* Other */,
				18029B191AE4A5880070867C /* Libs */,
				18029AAE1AE489680070867C /* Supporting Files */,
			);
			path = "网易新闻";
			sourceTree = "<group>";
		};
		18029AAE1AE489680070867C /* Supporting Files */ = {
			isa = PBXGroup;
			children = (
				18029AF21AE48DCC0070867C /* topic_news.json */,
				18029ABB1AE489680070867C /* Images.xcassets */,
				18029AAF1AE489680070867C /* Info.plist */,
				18029AB01AE489680070867C /* main.m */,
			);
			name = "Supporting Files";
			sourceTree = "<group>";
		};
		18029AC71AE489680070867C /* 网易新闻Tests */ = {
			isa = PBXGroup;
			children = (
				18029ACA1AE489680070867C /* ____Tests.m */,
				18029AC81AE489680070867C /* Supporting Files */,
			);
			path = "网易新闻Tests";
			sourceTree = "<group>";
		};
		18029AC81AE489680070867C /* Supporting Files */ = {
			isa = PBXGroup;
			children = (
				18029AC91AE489680070867C /* Info.plist */,
			);
			name = "Supporting Files";
			sourceTree = "<group>";
		};
		18029AD41AE489F60070867C /* News */ = {
			isa = PBXGroup;
			children = (
				18029ADE1AE48B850070867C /* News.storyboard */,
				18029AE61AE48CFB0070867C /* NewsTableViewController.h */,
				18029AE71AE48CFB0070867C /* NewsTableViewController.m */,
				1F260A6B1AE4BE56006A052B /* NewsCell.h */,
				1F260A6C1AE4BE56006A052B /* NewsCell.m */,
				1F260A6E1AE4BE6A006A052B /* News.h */,
				1F260A6F1AE4BE6A006A052B /* News.m */,
			);
			path = News;
			sourceTree = "<group>";
		};
		18029AD61AE48A5B0070867C /* Cycle */ = {
			isa = PBXGroup;
			children = (
				18029AE91AE48D330070867C /* CycleCollectionViewController.h */,
				18029AEA1AE48D330070867C /* CycleCollectionViewController.m */,
				18029AEC1AE48D540070867C /* CycleCell.h */,
				18029AED1AE48D540070867C /* CycleCell.m */,
				18029AEF1AE48DA40070867C /* Headline.h */,
				18029AF01AE48DA40070867C /* Headline.m */,
			);
			path = Cycle;
			sourceTree = "<group>";
		};
		18029AD81AE48B070070867C /* Other */ = {
			isa = PBXGroup;
			children = (
				18029AD91AE48B070070867C /* AppDelegate.h */,
				18029ADA1AE48B070070867C /* AppDelegate.m */,
			);
			path = Other;
			sourceTree = "<group>";
		};
		18029AE01AE48C740070867C /* Home */ = {
			isa = PBXGroup;
			children = (
				18029AE11AE48C9C0070867C /* Home.storyboard */,
				18029AE31AE48CC60070867C /* HomeViewController.h */,
				18029AE41AE48CC60070867C /* HomeViewController.m */,
			);
			path = Home;
			sourceTree = "<group>";
		};
		18029B151AE4982E0070867C /* Tools */ = {
			isa = PBXGroup;
			children = (
				18029B161AE498710070867C /* NetworkTools.h */,
				18029B171AE498710070867C /* NetworkTools.m */,
			);
			path = Tools;
			sourceTree = "<group>";
		};
		18029B191AE4A5880070867C /* Libs */ = {
			isa = PBXGroup;
			children = (
				18029B1A1AE4A5880070867C /* AFNetworking */,
			);
			path = Libs;
			sourceTree = "<group>";
		};
		18029B1A1AE4A5880070867C /* AFNetworking */ = {
			isa = PBXGroup;
			children = (
				18029B1B1AE4A5880070867C /* AFNetworking */,
				18029B2F1AE4A5880070867C /* LICENSE */,
				18029B301AE4A5880070867C /* README.md */,
				18029B311AE4A5880070867C /* UIKit+AFNetworking */,
			);
			path = AFNetworking;
			sourceTree = "<group>";
		};
		18029B1B1AE4A5880070867C /* AFNetworking */ = {
			isa = PBXGroup;
			children = (
				18029B1C1AE4A5880070867C /* AFHTTPRequestOperation.h */,
				18029B1D1AE4A5880070867C /* AFHTTPRequestOperation.m */,
				18029B1E1AE4A5880070867C /* AFHTTPRequestOperationManager.h */,
				18029B1F1AE4A5880070867C /* AFHTTPRequestOperationManager.m */,
				18029B201AE4A5880070867C /* AFHTTPSessionManager.h */,
				18029B211AE4A5880070867C /* AFHTTPSessionManager.m */,
				18029B221AE4A5880070867C /* AFNetworking.h */,
				18029B231AE4A5880070867C /* AFNetworkReachabilityManager.h */,
				18029B241AE4A5880070867C /* AFNetworkReachabilityManager.m */,
				18029B251AE4A5880070867C /* AFSecurityPolicy.h */,
				18029B261AE4A5880070867C /* AFSecurityPolicy.m */,
				18029B271AE4A5880070867C /* AFURLConnectionOperation.h */,
				18029B281AE4A5880070867C /* AFURLConnectionOperation.m */,
				18029B291AE4A5880070867C /* AFURLRequestSerialization.h */,
				18029B2A1AE4A5880070867C /* AFURLRequestSerialization.m */,
				18029B2B1AE4A5880070867C /* AFURLResponseSerialization.h */,
				18029B2C1AE4A5880070867C /* AFURLResponseSerialization.m */,
				18029B2D1AE4A5880070867C /* AFURLSessionManager.h */,
				18029B2E1AE4A5880070867C /* AFURLSessionManager.m */,
			);
			path = AFNetworking;
			sourceTree = "<group>";
		};
		18029B311AE4A5880070867C /* UIKit+AFNetworking */ = {
			isa = PBXGroup;
			children = (
				18029B321AE4A5880070867C /* AFNetworkActivityIndicatorManager.h */,
				18029B331AE4A5880070867C /* AFNetworkActivityIndicatorManager.m */,
				18029B341AE4A5880070867C /* UIActivityIndicatorView+AFNetworking.h */,
				18029B351AE4A5880070867C /* UIActivityIndicatorView+AFNetworking.m */,
				18029B361AE4A5880070867C /* UIAlertView+AFNetworking.h */,
				18029B371AE4A5880070867C /* UIAlertView+AFNetworking.m */,
				18029B381AE4A5880070867C /* UIButton+AFNetworking.h */,
				18029B391AE4A5880070867C /* UIButton+AFNetworking.m */,
				18029B3A1AE4A5880070867C /* UIImageView+AFNetworking.h */,
				18029B3B1AE4A5880070867C /* UIImageView+AFNetworking.m */,
				18029B3C1AE4A5880070867C /* UIKit+AFNetworking.h */,
				18029B3D1AE4A5880070867C /* UIProgressView+AFNetworking.h */,
				18029B3E1AE4A5880070867C /* UIProgressView+AFNetworking.m */,
				18029B3F1AE4A5880070867C /* UIRefreshControl+AFNetworking.h */,
				18029B401AE4A5880070867C /* UIRefreshControl+AFNetworking.m */,
				18029B411AE4A5880070867C /* UIWebView+AFNetworking.h */,
				18029B421AE4A5880070867C /* UIWebView+AFNetworking.m */,
			);
			path = "UIKit+AFNetworking";
			sourceTree = "<group>";
		};
		1F8017141AE55BC0005D07C3 /* Channel */ = {
			isa = PBXGroup;
			children = (
				1F8017151AE55BDA005D07C3 /* Channel.h */,
				1F8017161AE55BDA005D07C3 /* Channel.m */,
				1F8017181AE55C19005D07C3 /* ChannelLabel.h */,
				1F8017191AE55C19005D07C3 /* ChannelLabel.m */,
				18E6263C1AE73E7100C1FD52 /* ChannelCell.h */,
				18E6263D1AE73E7100C1FD52 /* ChannelCell.m */,
			);
			path = Channel;
			sourceTree = "<group>";
		};
/* End PBXGroup section */

/* Begin PBXNativeTarget section */
		18029AAA1AE489680070867C /* 网易新闻 */ = {
			isa = PBXNativeTarget;
			buildConfigurationList = 18029ACE1AE489680070867C /* Build configuration list for PBXNativeTarget "网易新闻" */;
			buildPhases = (
				18029AA71AE489680070867C /* Sources */,
				18029AA81AE489680070867C /* Frameworks */,
				18029AA91AE489680070867C /* Resources */,
			);
			buildRules = (
			);
			dependencies = (
			);
			name = "网易新闻";
			productName = "网易新闻";
			productReference = 18029AAB1AE489680070867C /* 网易新闻.app */;
			productType = "com.apple.product-type.application";
		};
		18029AC31AE489680070867C /* 网易新闻Tests */ = {
			isa = PBXNativeTarget;
			buildConfigurationList = 18029AD11AE489680070867C /* Build configuration list for PBXNativeTarget "网易新闻Tests" */;
			buildPhases = (
				18029AC01AE489680070867C /* Sources */,
				18029AC11AE489680070867C /* Frameworks */,
				18029AC21AE489680070867C /* Resources */,
			);
			buildRules = (
			);
			dependencies = (
				18029AC61AE489680070867C /* PBXTargetDependency */,
			);
			name = "网易新闻Tests";
			productName = "网易新闻Tests";
			productReference = 18029AC41AE489680070867C /* 网易新闻Tests.xctest */;
			productType = "com.apple.product-type.bundle.unit-test";
		};
/* End PBXNativeTarget section */

/* Begin PBXProject section */
		18029AA31AE489680070867C /* Project object */ = {
			isa = PBXProject;
			attributes = {
				LastUpgradeCheck = 0610;
				ORGANIZATIONNAME = apple;
				TargetAttributes = {
					18029AAA1AE489680070867C = {
						CreatedOnToolsVersion = 6.1.1;
					};
					18029AC31AE489680070867C = {
						CreatedOnToolsVersion = 6.1.1;
						TestTargetID = 18029AAA1AE489680070867C;
					};
				};
			};
			buildConfigurationList = 18029AA61AE489680070867C /* Build configuration list for PBXProject "网易新闻" */;
			compatibilityVersion = "Xcode 3.2";
			developmentRegion = English;
			hasScannedForEncodings = 0;
			knownRegions = (
				en,
				Base,
			);
			mainGroup = 18029AA21AE489680070867C;
			productRefGroup = 18029AAC1AE489680070867C /* Products */;
			projectDirPath = "";
			projectRoot = "";
			targets = (
				18029AAA1AE489680070867C /* 网易新闻 */,
				18029AC31AE489680070867C /* 网易新闻Tests */,
			);
		};
/* End PBXProject section */

/* Begin PBXResourcesBuildPhase section */
		18029AA91AE489680070867C /* Resources */ = {
			isa = PBXResourcesBuildPhase;
			buildActionMask = 2147483647;
			files = (
				18029AE21AE48C9C0070867C /* Home.storyboard in Resources */,
				18029ABC1AE489680070867C /* Images.xcassets in Resources */,
				18029AF31AE48DCC0070867C /* topic_news.json in Resources */,
				18029ADF1AE48B850070867C /* News.storyboard in Resources */,
				18029B4C1AE4A5880070867C /* LICENSE in Resources */,
			);
			runOnlyForDeploymentPostprocessing = 0;
		};
		18029AC21AE489680070867C /* Resources */ = {
			isa = PBXResourcesBuildPhase;
			buildActionMask = 2147483647;
			files = (
			);
			runOnlyForDeploymentPostprocessing = 0;
		};
/* End PBXResourcesBuildPhase section */

/* Begin PBXSourcesBuildPhase section */
		18029AA71AE489680070867C /* Sources */ = {
			isa = PBXSourcesBuildPhase;
			buildActionMask = 2147483647;
			files = (
				18029B4B1AE4A5880070867C /* AFURLSessionManager.m in Sources */,
				18029B481AE4A5880070867C /* AFURLConnectionOperation.m in Sources */,
				1F260A6D1AE4BE56006A052B /* NewsCell.m in Sources */,
				18029B431AE4A5880070867C /* AFHTTPRequestOperation.m in Sources */,
				1F80171A1AE55C19005D07C3 /* ChannelLabel.m in Sources */,
				18029AEE1AE48D540070867C /* CycleCell.m in Sources */,
				18029B4E1AE4A5880070867C /* AFNetworkActivityIndicatorManager.m in Sources */,
				18029B521AE4A5880070867C /* UIImageView+AFNetworking.m in Sources */,
				18029B441AE4A5880070867C /* AFHTTPRequestOperationManager.m in Sources */,
				18029B4F1AE4A5880070867C /* UIActivityIndicatorView+AFNetworking.m in Sources */,
				18029B551AE4A5880070867C /* UIWebView+AFNetworking.m in Sources */,
				18029ADC1AE48B070070867C /* AppDelegate.m in Sources */,
				18029B4D1AE4A5880070867C /* README.md in Sources */,
				18029B501AE4A5880070867C /* UIAlertView+AFNetworking.m in Sources */,
				18E6263E1AE73E7100C1FD52 /* ChannelCell.m in Sources */,
				18029AE81AE48CFB0070867C /* NewsTableViewController.m in Sources */,
				18029B451AE4A5880070867C /* AFHTTPSessionManager.m in Sources */,
				18029AEB1AE48D330070867C /* CycleCollectionViewController.m in Sources */,
				18029B181AE498710070867C /* NetworkTools.m in Sources */,
				18029AB11AE489680070867C /* main.m in Sources */,
				1F8017171AE55BDA005D07C3 /* Channel.m in Sources */,
				18029B531AE4A5880070867C /* UIProgressView+AFNetworking.m in Sources */,
				18029B471AE4A5880070867C /* AFSecurityPolicy.m in Sources */,
				18029B511AE4A5880070867C /* UIButton+AFNetworking.m in Sources */,
				18029AE51AE48CC60070867C /* HomeViewController.m in Sources */,
				1F260A701AE4BE6A006A052B /* News.m in Sources */,
				18029B491AE4A5880070867C /* AFURLRequestSerialization.m in Sources */,
				18029B461AE4A5880070867C /* AFNetworkReachabilityManager.m in Sources */,
				18029B541AE4A5880070867C /* UIRefreshControl+AFNetworking.m in Sources */,
				18029B4A1AE4A5880070867C /* AFURLResponseSerialization.m in Sources */,
				18029AF11AE48DA40070867C /* Headline.m in Sources */,
			);
			runOnlyForDeploymentPostprocessing = 0;
		};
		18029AC01AE489680070867C /* Sources */ = {
			isa = PBXSourcesBuildPhase;
			buildActionMask = 2147483647;
			files = (
				18029ACB1AE489680070867C /* ____Tests.m in Sources */,
			);
			runOnlyForDeploymentPostprocessing = 0;
		};
/* End PBXSourcesBuildPhase section */

/* Begin PBXTargetDependency section */
		18029AC61AE489680070867C /* PBXTargetDependency */ = {
			isa = PBXTargetDependency;
			target = 18029AAA1AE489680070867C /* 网易新闻 */;
			targetProxy = 18029AC51AE489680070867C /* PBXContainerItemProxy */;
		};
/* End PBXTargetDependency section */

/* Begin XCBuildConfiguration section */
		18029ACC1AE489680070867C /* Debug */ = {
			isa = XCBuildConfiguration;
			buildSettings = {
				ALWAYS_SEARCH_USER_PATHS = NO;
				CLANG_CXX_LANGUAGE_STANDARD = "gnu++0x";
				CLANG_CXX_LIBRARY = "libc++";
				CLANG_ENABLE_MODULES = YES;
				CLANG_ENABLE_OBJC_ARC = YES;
				CLANG_WARN_BOOL_CONVERSION = YES;
				CLANG_WARN_CONSTANT_CONVERSION = YES;
				CLANG_WARN_DIRECT_OBJC_ISA_USAGE = YES_ERROR;
				CLANG_WARN_EMPTY_BODY = YES;
				CLANG_WARN_ENUM_CONVERSION = YES;
				CLANG_WARN_INT_CONVERSION = YES;
				CLANG_WARN_OBJC_ROOT_CLASS = YES_ERROR;
				CLANG_WARN_UNREACHABLE_CODE = YES;
				CLANG_WARN__DUPLICATE_METHOD_MATCH = YES;
				"CODE_SIGN_IDENTITY[sdk=iphoneos*]" = "iPhone Developer";
				COPY_PHASE_STRIP = NO;
				ENABLE_STRICT_OBJC_MSGSEND = YES;
				GCC_C_LANGUAGE_STANDARD = gnu99;
				GCC_DYNAMIC_NO_PIC = NO;
				GCC_OPTIMIZATION_LEVEL = 0;
				GCC_PREPROCESSOR_DEFINITIONS = (
					"DEBUG=1",
					"$(inherited)",
				);
				GCC_SYMBOLS_PRIVATE_EXTERN = NO;
				GCC_WARN_64_TO_32_BIT_CONVERSION = YES;
				GCC_WARN_ABOUT_RETURN_TYPE = YES_ERROR;
				GCC_WARN_UNDECLARED_SELECTOR = YES;
				GCC_WARN_UNINITIALIZED_AUTOS = YES_AGGRESSIVE;
				GCC_WARN_UNUSED_FUNCTION = YES;
				GCC_WARN_UNUSED_VARIABLE = YES;
				IPHONEOS_DEPLOYMENT_TARGET = 8.1;
				MTL_ENABLE_DEBUG_INFO = YES;
				ONLY_ACTIVE_ARCH = YES;
				SDKROOT = iphoneos;
			};
			name = Debug;
		};
		18029ACD1AE489680070867C /* Release */ = {
			isa = XCBuildConfiguration;
			buildSettings = {
				ALWAYS_SEARCH_USER_PATHS = NO;
				CLANG_CXX_LANGUAGE_STANDARD = "gnu++0x";
				CLANG_CXX_LIBRARY = "libc++";
				CLANG_ENABLE_MODULES = YES;
				CLANG_ENABLE_OBJC_ARC = YES;
				CLANG_WARN_BOOL_CONVERSION = YES;
				CLANG_WARN_CONSTANT_CONVERSION = YES;
				CLANG_WARN_DIRECT_OBJC_ISA_USAGE = YES_ERROR;
				CLANG_WARN_EMPTY_BODY = YES;
				CLANG_WARN_ENUM_CONVERSION = YES;
				CLANG_WARN_INT_CONVERSION = YES;
				CLANG_WARN_OBJC_ROOT_CLASS = YES_ERROR;
				CLANG_WARN_UNREACHABLE_CODE = YES;
				CLANG_WARN__DUPLICATE_METHOD_MATCH = YES;
				"CODE_SIGN_IDENTITY[sdk=iphoneos*]" = "iPhone Developer";
				COPY_PHASE_STRIP = YES;
				ENABLE_NS_ASSERTIONS = NO;
				ENABLE_STRICT_OBJC_MSGSEND = YES;
				GCC_C_LANGUAGE_STANDARD = gnu99;
				GCC_WARN_64_TO_32_BIT_CONVERSION = YES;
				GCC_WARN_ABOUT_RETURN_TYPE = YES_ERROR;
				GCC_WARN_UNDECLARED_SELECTOR = YES;
				GCC_WARN_UNINITIALIZED_AUTOS = YES_AGGRESSIVE;
				GCC_WARN_UNUSED_FUNCTION = YES;
				GCC_WARN_UNUSED_VARIABLE = YES;
				IPHONEOS_DEPLOYMENT_TARGET = 8.1;
				MTL_ENABLE_DEBUG_INFO = NO;
				SDKROOT = iphoneos;
				VALIDATE_PRODUCT = YES;
			};
			name = Release;
		};
		18029ACF1AE489680070867C /* Debug */ = {
			isa = XCBuildConfiguration;
			buildSettings = {
				ASSETCATALOG_COMPILER_APPICON_NAME = AppIcon;
				INFOPLIST_FILE = "网易新闻/Info.plist";
				LD_RUNPATH_SEARCH_PATHS = "$(inherited) @executable_path/Frameworks";
				PRODUCT_NAME = "$(TARGET_NAME)";
			};
			name = Debug;
		};
		18029AD01AE489680070867C /* Release */ = {
			isa = XCBuildConfiguration;
			buildSettings = {
				ASSETCATALOG_COMPILER_APPICON_NAME = AppIcon;
				INFOPLIST_FILE = "网易新闻/Info.plist";
				LD_RUNPATH_SEARCH_PATHS = "$(inherited) @executable_path/Frameworks";
				PRODUCT_NAME = "$(TARGET_NAME)";
			};
			name = Release;
		};
		18029AD21AE489680070867C /* Debug */ = {
			isa = XCBuildConfiguration;
			buildSettings = {
				BUNDLE_LOADER = "$(TEST_HOST)";
				FRAMEWORK_SEARCH_PATHS = (
					"$(SDKROOT)/Developer/Library/Frameworks",
					"$(inherited)",
				);
				GCC_PREPROCESSOR_DEFINITIONS = (
					"DEBUG=1",
					"$(inherited)",
				);
				INFOPLIST_FILE = "网易新闻Tests/Info.plist";
				LD_RUNPATH_SEARCH_PATHS = "$(inherited) @executable_path/Frameworks @loader_path/Frameworks";
				PRODUCT_NAME = "$(TARGET_NAME)";
				TEST_HOST = "$(BUILT_PRODUCTS_DIR)/网易新闻.app/网易新闻";
			};
			name = Debug;
		};
		18029AD31AE489680070867C /* Release */ = {
			isa = XCBuildConfiguration;
			buildSettings = {
				BUNDLE_LOADER = "$(TEST_HOST)";
				FRAMEWORK_SEARCH_PATHS = (
					"$(SDKROOT)/Developer/Library/Frameworks",
					"$(inherited)",
				);
				INFOPLIST_FILE = "网易新闻Tests/Info.plist";
				LD_RUNPATH_SEARCH_PATHS = "$(inherited) @executable_path/Frameworks @loader_path/Frameworks";
				PRODUCT_NAME = "$(TARGET_NAME)";
				TEST_HOST = "$(BUILT_PRODUCTS_DIR)/网易新闻.app/网易新闻";
			};
			name = Release;
		};
/* End XCBuildConfiguration section */

/* Begin XCConfigurationList section */
		18029AA61AE489680070867C /* Build configuration list for PBXProject "网易新闻" */ = {
			isa = XCConfigurationList;
			buildConfigurations = (
				18029ACC1AE489680070867C /* Debug */,
				18029ACD1AE489680070867C /* Release */,
			);
			defaultConfigurationIsVisible = 0;
			defaultConfigurationName = Release;
		};
		18029ACE1AE489680070867C /* Build configuration list for PBXNativeTarget "网易新闻" */ = {
			isa = XCConfigurationList;
			buildConfigurations = (
				18029ACF1AE489680070867C /* Debug */,
				18029AD01AE489680070867C /* Release */,
			);
			defaultConfigurationIsVisible = 0;
			defaultConfigurationName = Release;
		};
		18029AD11AE489680070867C /* Build configuration list for PBXNativeTarget "网易新闻Tests" */ = {
			isa = XCConfigurationList;
			buildConfigurations = (
				18029AD21AE489680070867C /* Debug */,
				18029AD31AE489680070867C /* Release */,
			);
			defaultConfigurationIsVisible = 0;
			defaultConfigurationName = Release;
		};
/* End XCConfigurationList section */
	};
	rootObject = 18029AA31AE489680070867C /* Project object */;
}
